
Microsoft Visual Studio Solution File, Format Version 12.00
# Visual Studio Version 17
VisualStudioVersion = 17.4.33213.308
MinimumVisualStudioVersion = 10.0.40219.1
Project("{FAE04EC0-301F-11D3-BF4B-00C04F79EFBC}") = "IniConfigDotNet", "IniConfigDotNet.csproj", "{C06A3C8C-B579-453F-841A-F71FC98A6E27}"
EndProject
Project("{FAE04EC0-301F-11D3-BF4B-00C04F79EFBC}") = "TheGautlet", "UnitTesting\TheGautlet\TheGautlet.csproj", "{44EBDCEE-04F1-4615-9935-9AAD3A8B35D5}"
EndProject
Project("{FAE04EC0-301F-11D3-BF4B-00C04F79EFBC}") = "IniConfigDotNetUnitTests", "UnitTesting\TestProject1\IniConfigDotNetUnitTests.csproj", "{C3CD2510-AA6B-443C-9B45-B07C3A691168}"
EndProject
Global
	GlobalSection(SolutionConfigurationPlatforms) = preSolution
		Debug|Any CPU = Debug|Any CPU
		Release|Any CPU = Release|Any CPU
	EndGlobalSection
	GlobalSection(ProjectConfigurationPlatforms) = postSolution
		{C06A3C8C-B579-453F-841A-F71FC98A6E27}.Debug|Any CPU.ActiveCfg = Debug|Any CPU
		{C06A3C8C-B579-453F-841A-F71FC98A6E27}.Debug|Any CPU.Build.0 = Debug|Any CPU
		{C06A3C8C-B579-453F-841A-F71FC98A6E27}.Release|Any CPU.ActiveCfg = Release|Any CPU
		{C06A3C8C-B579-453F-841A-F71FC98A6E27}.Release|Any CPU.Build.0 = Release|Any CPU
		{44EBDCEE-04F1-4615-9935-9AAD3A8B35D5}.Debug|Any CPU.ActiveCfg = Debug|Any CPU
		{44EBDCEE-04F1-4615-9935-9AAD3A8B35D5}.Debug|Any CPU.Build.0 = Debug|Any CPU
		{44EBDCEE-04F1-4615-9935-9AAD3A8B35D5}.Release|Any CPU.ActiveCfg = Release|Any CPU
		{44EBDCEE-04F1-4615-9935-9AAD3A8B35D5}.Release|Any CPU.Build.0 = Release|Any CPU
		{C3CD2510-AA6B-443C-9B45-B07C3A691168}.Debug|Any CPU.ActiveCfg = Debug|Any CPU
		{C3CD2510-AA6B-443C-9B45-B07C3A691168}.Debug|Any CPU.Build.0 = Debug|Any CPU
		{C3CD2510-AA6B-443C-9B45-B07C3A691168}.Release|Any CPU.ActiveCfg = Release|Any CPU
		{C3CD2510-AA6B-443C-9B45-B07C3A691168}.Release|Any CPU.Build.0 = Release|Any CPU
	EndGlobalSection
	GlobalSection(SolutionProperties) = preSolution
		HideSolutionNode = FALSE
	EndGlobalSection
	GlobalSection(ExtensibilityGlobals) = postSolution
		SolutionGuid = {52F0718F-85EE-45D5-A328-0F6CF50F5CC2}
	EndGlobalSection
EndGlobal
